{
  "lockfile-version": 1,
  "manifest": {
    "schema-version": "1.10.0",
    "install": {
      "bun": {
        "pkg-path": "bun"
      },
      "code-intel-rust": {
        "flake": "github:RogerNavelsaker/nixpkg-code-intel-rust"
      },
      "code-intel-ts": {
        "flake": "github:RogerNavelsaker/nixpkg-code-intel-ts"
      },
      "repo-map": {
        "flake": "github:RogerNavelsaker/nixpkg-repo-map"
      },
      "rustup": {
        "pkg-path": "rustup"
      }
    },
    "vars": {
      "WORKSPACE_META": "runtime-intel",
      "WORKSPACE_OWNER": "RogerNavelsaker"
    },
    "hook": {
      "on-activate": "  export META_REPO_ROOT=\"$FLOX_ENV_PROJECT\"\n  export SHARED_WORKSPACE_ROOT=\"$FLOX_ENV_PROJECT\"\n"
    },
    "profile": {
      "common": "  alias workspace-bootstrap=\"$META_REPO_ROOT/scripts/bootstrap\"\n  alias workspace-status=\"$META_REPO_ROOT/scripts/status\"\n"
    },
    "options": {
      "systems": [
        "x86_64-linux"
      ]
    }
  },
  "packages": [
    {
      "attr_path": "bun",
      "broken": false,
      "derivation": "/nix/store/7nj2p1hvxj7kkg50bllk9d2bkb3y43c3-bun-1.3.10.drv",
      "description": "Incredibly fast JavaScript runtime, bundler, transpiler and package manager – all in one",
      "install_id": "bun",
      "license": "[ MIT, LGPL-2.1-only ]",
      "locked_url": "https://github.com/flox/nixpkgs?rev=b40629efe5d6ec48dd1efba650c797ddbd39ace0",
      "name": "bun-1.3.10",
      "pname": "bun",
      "rev": "b40629efe5d6ec48dd1efba650c797ddbd39ace0",
      "rev_count": 964859,
      "rev_date": "2026-03-18T08:17:15Z",
      "scrape_date": "2026-03-20T02:16:24.574650Z",
      "stabilities": [
        "staging",
        "unstable"
      ],
      "unfree": false,
      "version": "1.3.10",
      "outputs_to_install": [
        "out"
      ],
      "outputs": {
        "out": "/nix/store/ffgyf7g2n4gbhi1zgbcphssivfah1c4s-bun-1.3.10"
      },
      "system": "x86_64-linux",
      "group": "toplevel",
      "priority": 5
    },
    {
      "attr_path": "rustup",
      "broken": false,
      "derivation": "/nix/store/wfbcp7l1fmdnqdl3mrra8ngx4fwvx830-rustup-1.28.2.drv",
      "description": "Rust toolchain installer",
      "install_id": "rustup",
      "license": "[ Apache-2.0, MIT ]",
      "locked_url": "https://github.com/flox/nixpkgs?rev=b40629efe5d6ec48dd1efba650c797ddbd39ace0",
      "name": "rustup-1.28.2",
      "pname": "rustup",
      "rev": "b40629efe5d6ec48dd1efba650c797ddbd39ace0",
      "rev_count": 964859,
      "rev_date": "2026-03-18T08:17:15Z",
      "scrape_date": "2026-03-20T02:18:42.034234Z",
      "stabilities": [
        "staging",
        "unstable"
      ],
      "unfree": false,
      "version": "1.28.2",
      "outputs_to_install": [
        "out"
      ],
      "outputs": {
        "out": "/nix/store/17zvb7nfsz9x184ilpygcwrjc4hrcwjr-rustup-1.28.2"
      },
      "system": "x86_64-linux",
      "group": "toplevel",
      "priority": 5
    },
    {
      "install_id": "code-intel-rust",
      "locked-url": "github:RogerNavelsaker/nixpkg-code-intel-rust/d7de2a0e747571df3e4a2e0c7f7c6d8b053eb5c9?narHash=sha256-IArUZvPFn2IzIP2kUarbOT86W82Gh2YYeWgswhNbaJ8%3D",
      "flake-description": "Nix packaging scaffold for code-intel-rust",
      "locked-flake-attr-path": "packages.x86_64-linux.default",
      "derivation": "/nix/store/nbbax9i2925ab9ny8jwr0m2q489hks5n-code-intel-rust-0.1.0.drv",
      "outputs": {
        "out": "/nix/store/7kz7pmzakvgg4945v5rq5hblv3lkp2km-code-intel-rust-0.1.0"
      },
      "output-names": [
        "out"
      ],
      "outputs-to-install": [
        "out"
      ],
      "requested-outputs-to-install": [],
      "package-system": "x86_64-linux",
      "system": "x86_64-linux",
      "name": "code-intel-rust-0.1.0",
      "pname": "code-intel-rust",
      "version": "0.1.0",
      "broken": false,
      "unfree": false,
      "priority": 5
    },
    {
      "install_id": "code-intel-ts",
      "locked-url": "github:RogerNavelsaker/nixpkg-code-intel-ts/a5cfaaaba77a6818591cc39e53381baca04514be?narHash=sha256-KswNwFRcjkWSc4b1wKG23jmRkl/noGT7KbpaeQ6d80M%3D",
      "flake-description": "Nix packaging scaffold for code-intel-ts",
      "locked-flake-attr-path": "packages.x86_64-linux.default",
      "derivation": "/nix/store/px7436qsbv31668381hbx7kvkzc26x3g-code-intel-ts-0.1.0.drv",
      "outputs": {
        "out": "/nix/store/58n4awn638b9kpphhfp97hix42vaby0d-code-intel-ts-0.1.0"
      },
      "output-names": [
        "out"
      ],
      "outputs-to-install": [
        "out"
      ],
      "requested-outputs-to-install": [],
      "package-system": "x86_64-linux",
      "system": "x86_64-linux",
      "name": "code-intel-ts-0.1.0",
      "pname": "code-intel-ts",
      "version": "0.1.0",
      "broken": false,
      "unfree": false,
      "priority": 5
    },
    {
      "install_id": "repo-map",
      "locked-url": "github:RogerNavelsaker/nixpkg-repo-map/7f10fb9cfdfe1dba3edc90a72b0446f3eff5ee18?narHash=sha256-VaCsF5bNWu4ADApJDEhC6%2BGxxN78Gz95Bi1TYtOWwiY%3D",
      "flake-description": "Nix packaging scaffold for repo-map",
      "locked-flake-attr-path": "packages.x86_64-linux.default",
      "derivation": "/nix/store/b52zpsphvrahxx2if4rqdfr7hbz255al-repo-map-0.1.0.drv",
      "outputs": {
        "out": "/nix/store/nrbql4plqndbhkm7nxljp6ph6rp4ff04-repo-map-0.1.0"
      },
      "output-names": [
        "out"
      ],
      "outputs-to-install": [
        "out"
      ],
      "requested-outputs-to-install": [],
      "package-system": "x86_64-linux",
      "system": "x86_64-linux",
      "name": "repo-map-0.1.0",
      "pname": "repo-map",
      "version": "0.1.0",
      "broken": false,
      "unfree": false,
      "priority": 5
    }
  ]
}
